
Microsoft Visual Studio Solution File, Format Version 12.00
# Visual Studio Version 16
VisualStudioVersion = 16.0.31911.196
MinimumVisualStudioVersion = 10.0.40219.1
Project("{FAE04EC0-301F-11D3-BF4B-00C04F79EFBC}") = "DeltaSoftTask.Api", "DeltaSoftTask.Api\DeltaSoftTask.Api.csproj", "{D34460FD-F76F-4245-8D96-5C1F60F9C725}"
EndProject
Project("{FAE04EC0-301F-11D3-BF4B-00C04F79EFBC}") = "DeltaSoftTask.EF", "DeltaSoftTask.EF\DeltaSoftTask.EF.csproj", "{BB7620E1-210B-47EF-B74B-0E574BCC7BED}"
EndProject
Project("{FAE04EC0-301F-11D3-BF4B-00C04F79EFBC}") = "DeltaSoftTask.Core", "DeltaSoftTask.Core\DeltaSoftTask.Core.csproj", "{482971B2-650F-491E-8F8D-8CF322417A24}"
EndProject
Global
	GlobalSection(SolutionConfigurationPlatforms) = preSolution
		Debug|Any CPU = Debug|Any CPU
		Release|Any CPU = Release|Any CPU
	EndGlobalSection
	GlobalSection(ProjectConfigurationPlatforms) = postSolution
		{D34460FD-F76F-4245-8D96-5C1F60F9C725}.Debug|Any CPU.ActiveCfg = Debug|Any CPU
		{D34460FD-F76F-4245-8D96-5C1F60F9C725}.Debug|Any CPU.Build.0 = Debug|Any CPU
		{D34460FD-F76F-4245-8D96-5C1F60F9C725}.Release|Any CPU.ActiveCfg = Release|Any CPU
		{D34460FD-F76F-4245-8D96-5C1F60F9C725}.Release|Any CPU.Build.0 = Release|Any CPU
		{BB7620E1-210B-47EF-B74B-0E574BCC7BED}.Debug|Any CPU.ActiveCfg = Debug|Any CPU
		{BB7620E1-210B-47EF-B74B-0E574BCC7BED}.Debug|Any CPU.Build.0 = Debug|Any CPU
		{BB7620E1-210B-47EF-B74B-0E574BCC7BED}.Release|Any CPU.ActiveCfg = Release|Any CPU
		{BB7620E1-210B-47EF-B74B-0E574BCC7BED}.Release|Any CPU.Build.0 = Release|Any CPU
		{482971B2-650F-491E-8F8D-8CF322417A24}.Debug|Any CPU.ActiveCfg = Debug|Any CPU
		{482971B2-650F-491E-8F8D-8CF322417A24}.Debug|Any CPU.Build.0 = Debug|Any CPU
		{482971B2-650F-491E-8F8D-8CF322417A24}.Release|Any CPU.ActiveCfg = Release|Any CPU
		{482971B2-650F-491E-8F8D-8CF322417A24}.Release|Any CPU.Build.0 = Release|Any CPU
	EndGlobalSection
	GlobalSection(SolutionProperties) = preSolution
		HideSolutionNode = FALSE
	EndGlobalSection
	GlobalSection(ExtensibilityGlobals) = postSolution
		SolutionGuid = {1DD83257-A757-4754-897B-FC90F5FC5080}
	EndGlobalSection
EndGlobal
